
Microsoft Visual Studio Solution File, Format Version 12.00
# Visual Studio 15
Project("{FAE04EC0-301F-11D3-BF4B-00C04F79EFBC}") = "Assembly-CSharp", "Assembly-CSharp.csproj", "{3ABFE116-0D66-61F6-8143-A4B66434EA22}"
EndProject
Project("{FAE04EC0-301F-11D3-BF4B-00C04F79EFBC}") = "NavMeshComponents", "NavMeshComponents.csproj", "{B899C56C-FEBD-040D-0C64-BF29F914C7A0}"
EndProject
Project("{FAE04EC0-301F-11D3-BF4B-00C04F79EFBC}") = "NavMeshComponentsEditor", "NavMeshComponentsEditor.csproj", "{343ACE56-2856-B46E-2855-279B3AB2A7FB}"
EndProject
Global
	GlobalSection(SolutionConfigurationPlatforms) = preSolution
		Debug|Any CPU = Debug|Any CPU
		Release|Any CPU = Release|Any CPU
	EndGlobalSection
	GlobalSection(ProjectConfigurationPlatforms) = postSolution
		{3ABFE116-0D66-61F6-8143-A4B66434EA22}.Debug|Any CPU.ActiveCfg = Debug|Any CPU
		{3ABFE116-0D66-61F6-8143-A4B66434EA22}.Debug|Any CPU.Build.0 = Debug|Any CPU
		{3ABFE116-0D66-61F6-8143-A4B66434EA22}.Release|Any CPU.ActiveCfg = Release|Any CPU
		{3ABFE116-0D66-61F6-8143-A4B66434EA22}.Release|Any CPU.Build.0 = Release|Any CPU
		{B899C56C-FEBD-040D-0C64-BF29F914C7A0}.Debug|Any CPU.ActiveCfg = Debug|Any CPU
		{B899C56C-FEBD-040D-0C64-BF29F914C7A0}.Debug|Any CPU.Build.0 = Debug|Any CPU
		{B899C56C-FEBD-040D-0C64-BF29F914C7A0}.Release|Any CPU.ActiveCfg = Release|Any CPU
		{B899C56C-FEBD-040D-0C64-BF29F914C7A0}.Release|Any CPU.Build.0 = Release|Any CPU
		{343ACE56-2856-B46E-2855-279B3AB2A7FB}.Debug|Any CPU.ActiveCfg = Debug|Any CPU
		{343ACE56-2856-B46E-2855-279B3AB2A7FB}.Debug|Any CPU.Build.0 = Debug|Any CPU
		{343ACE56-2856-B46E-2855-279B3AB2A7FB}.Release|Any CPU.ActiveCfg = Release|Any CPU
		{343ACE56-2856-B46E-2855-279B3AB2A7FB}.Release|Any CPU.Build.0 = Release|Any CPU
	EndGlobalSection
	GlobalSection(SolutionProperties) = preSolution
		HideSolutionNode = FALSE
	EndGlobalSection
EndGlobal
